// !$*UTF8*$!
{
	archiveVersion = 1;
	classes = {
	};
	objectVersion = 48;
	objects = {

/* Begin PBXBuildFile section */
		3C9D49162045464D003E89B5 /* FourthViewController.swift in Sources */ = {isa = PBXBuildFile; fileRef = 3C9D49152045464D003E89B5 /* FourthViewController.swift */; };
		3CC4E17020295074004049B9 /* AppDelegate.swift in Sources */ = {isa = PBXBuildFile; fileRef = 3CC4E16F20295074004049B9 /* AppDelegate.swift */; };
		3CC4E17220295074004049B9 /* FirstViewController.swift in Sources */ = {isa = PBXBuildFile; fileRef = 3CC4E17120295074004049B9 /* FirstViewController.swift */; };
		3CC4E17420295074004049B9 /* SecondViewController.swift in Sources */ = {isa = PBXBuildFile; fileRef = 3CC4E17320295074004049B9 /* SecondViewController.swift */; };
		3CC4E17720295074004049B9 /* Main.storyboard in Resources */ = {isa = PBXBuildFile; fileRef = 3CC4E17520295074004049B9 /* Main.storyboard */; };
		3CC4E17C20295074004049B9 /* LaunchScreen.storyboard in Resources */ = {isa = PBXBuildFile; fileRef = 3CC4E17A20295074004049B9 /* LaunchScreen.storyboard */; };
		3CC4E18720295074004049B9 /* EstellaTests.swift in Sources */ = {isa = PBXBuildFile; fileRef = 3CC4E18620295074004049B9 /* EstellaTests.swift */; };
		3CC4E19220295074004049B9 /* EstellaUITests.swift in Sources */ = {isa = PBXBuildFile; fileRef = 3CC4E19120295074004049B9 /* EstellaUITests.swift */; };
		3CC4E1A020295833004049B9 /* ThirdViewController.swift in Sources */ = {isa = PBXBuildFile; fileRef = 3CC4E19F20295833004049B9 /* ThirdViewController.swift */; };
		3CED4228203E76C700F11C2B /* Assets.xcassets in Resources */ = {isa = PBXBuildFile; fileRef = 3CED4227203E76C700F11C2B /* Assets.xcassets */; };
/* End PBXBuildFile section */

/* Begin PBXContainerItemProxy section */
		3CC4E18320295074004049B9 /* PBXContainerItemProxy */ = {
			isa = PBXContainerItemProxy;
			containerPortal = 3CC4E16420295073004049B9 /* Project object */;
			proxyType = 1;
			remoteGlobalIDString = 3CC4E16B20295073004049B9;
			remoteInfo = Estella;
		};
		3CC4E18E20295074004049B9 /* PBXContainerItemProxy */ = {
			isa = PBXContainerItemProxy;
			containerPortal = 3CC4E16420295073004049B9 /* Project object */;
			proxyType = 1;
			remoteGlobalIDString = 3CC4E16B20295073004049B9;
			remoteInfo = Estella;
		};
/* End PBXContainerItemProxy section */

/* Begin PBXFileReference section */
		3C9D49152045464D003E89B5 /* FourthViewController.swift */ = {isa = PBXFileReference; lastKnownFileType = sourcecode.swift; path = FourthViewController.swift; sourceTree = "<group>"; };
		3CC4E16C20295074004049B9 /* Estella.app */ = {isa = PBXFileReference; explicitFileType = wrapper.application; includeInIndex = 0; path = Estella.app; sourceTree = BUILT_PRODUCTS_DIR; };
		3CC4E16F20295074004049B9 /* AppDelegate.swift */ = {isa = PBXFileReference; lastKnownFileType = sourcecode.swift; path = AppDelegate.swift; sourceTree = "<group>"; };
		3CC4E17120295074004049B9 /* FirstViewController.swift */ = {isa = PBXFileReference; lastKnownFileType = sourcecode.swift; path = FirstViewController.swift; sourceTree = "<group>"; };
		3CC4E17320295074004049B9 /* SecondViewController.swift */ = {isa = PBXFileReference; lastKnownFileType = sourcecode.swift; path = SecondViewController.swift; sourceTree = "<group>"; };
		3CC4E17620295074004049B9 /* Base */ = {isa = PBXFileReference; lastKnownFileType = file.storyboard; name = Base; path = Base.lproj/Main.storyboard; sourceTree = "<group>"; };
		3CC4E17B20295074004049B9 /* Base */ = {isa = PBXFileReference; lastKnownFileType = file.storyboard; name = Base; path = Base.lproj/LaunchScreen.storyboard; sourceTree = "<group>"; };
		3CC4E17D20295074004049B9 /* Info.plist */ = {isa = PBXFileReference; lastKnownFileType = text.plist.xml; path = Info.plist; sourceTree = "<group>"; };
		3CC4E18220295074004049B9 /* EstellaTests.xctest */ = {isa = PBXFileReference; explicitFileType = wrapper.cfbundle; includeInIndex = 0; path = EstellaTests.xctest; sourceTree = BUILT_PRODUCTS_DIR; };
		3CC4E18620295074004049B9 /* EstellaTests.swift */ = {isa = PBXFileReference; lastKnownFileType = sourcecode.swift; path = EstellaTests.swift; sourceTree = "<group>"; };
		3CC4E18820295074004049B9 /* Info.plist */ = {isa = PBXFileReference; lastKnownFileType = text.plist.xml; path = Info.plist; sourceTree = "<group>"; };
		3CC4E18D20295074004049B9 /* EstellaUITests.xctest */ = {isa = PBXFileReference; explicitFileType = wrapper.cfbundle; includeInIndex = 0; path = EstellaUITests.xctest; sourceTree = BUILT_PRODUCTS_DIR; };
		3CC4E19120295074004049B9 /* EstellaUITests.swift */ = {isa = PBXFileReference; lastKnownFileType = sourcecode.swift; path = EstellaUITests.swift; sourceTree = "<group>"; };
		3CC4E19320295074004049B9 /* Info.plist */ = {isa = PBXFileReference; lastKnownFileType = text.plist.xml; path = Info.plist; sourceTree = "<group>"; };
		3CC4E19F20295833004049B9 /* ThirdViewController.swift */ = {isa = PBXFileReference; lastKnownFileType = sourcecode.swift; path = ThirdViewController.swift; sourceTree = "<group>"; };
		3CED4227203E76C700F11C2B /* Assets.xcassets */ = {isa = PBXFileReference; lastKnownFileType = folder.assetcatalog; path = Assets.xcassets; sourceTree = "<group>"; };
/* End PBXFileReference section */

/* Begin PBXFrameworksBuildPhase section */
		3CC4E16920295073004049B9 /* Frameworks */ = {
			isa = PBXFrameworksBuildPhase;
			buildActionMask = 2147483647;
			files = (
			);
			runOnlyForDeploymentPostprocessing = 0;
		};
		3CC4E17F20295074004049B9 /* Frameworks */ = {
			isa = PBXFrameworksBuildPhase;
			buildActionMask = 2147483647;
			files = (
			);
			runOnlyForDeploymentPostprocessing = 0;
		};
		3CC4E18A20295074004049B9 /* Frameworks */ = {
			isa = PBXFrameworksBuildPhase;
			buildActionMask = 2147483647;
			files = (
			);
			runOnlyForDeploymentPostprocessing = 0;
		};
/* End PBXFrameworksBuildPhase section */

/* Begin PBXGroup section */
		3CC4E16320295073004049B9 = {
			isa = PBXGroup;
			children = (
				3CC4E16E20295074004049B9 /* Estella */,
				3CC4E18520295074004049B9 /* EstellaTests */,
				3CC4E19020295074004049B9 /* EstellaUITests */,
				3CC4E16D20295074004049B9 /* Products */,
			);
			sourceTree = "<group>";
		};
		3CC4E16D20295074004049B9 /* Products */ = {
			isa = PBXGroup;
			children = (
				3CC4E16C20295074004049B9 /* Estella.app */,
				3CC4E18220295074004049B9 /* EstellaTests.xctest */,
				3CC4E18D20295074004049B9 /* EstellaUITests.xctest */,
			);
			name = Products;
			sourceTree = "<group>";
		};
		3CC4E16E20295074004049B9 /* Estella */ = {
			isa = PBXGroup;
			children = (
				3CC4E16F20295074004049B9 /* AppDelegate.swift */,
				3CC4E17120295074004049B9 /* FirstViewController.swift */,
				3CC4E17320295074004049B9 /* SecondViewController.swift */,
				3CC4E19F20295833004049B9 /* ThirdViewController.swift */,
				3C9D49152045464D003E89B5 /* FourthViewController.swift */,
				3CC4E17520295074004049B9 /* Main.storyboard */,
				3CED4227203E76C700F11C2B /* Assets.xcassets */,
				3CC4E17A20295074004049B9 /* LaunchScreen.storyboard */,
				3CC4E17D20295074004049B9 /* Info.plist */,
			);
			path = Estella;
			sourceTree = "<group>";
		};
		3CC4E18520295074004049B9 /* EstellaTests */ = {
			isa = PBXGroup;
			children = (
				3CC4E18620295074004049B9 /* EstellaTests.swift */,
				3CC4E18820295074004049B9 /* Info.plist */,
			);
			path = EstellaTests;
			sourceTree = "<group>";
		};
		3CC4E19020295074004049B9 /* EstellaUITests */ = {
			isa = PBXGroup;
			children = (
				3CC4E19120295074004049B9 /* EstellaUITests.swift */,
				3CC4E19320295074004049B9 /* Info.plist */,
			);
			path = EstellaUITests;
			sourceTree = "<group>";
		};
/* End PBXGroup section */

/* Begin PBXNativeTarget section */
		3CC4E16B20295073004049B9 /* Estella */ = {
			isa = PBXNativeTarget;
			buildConfigurationList = 3CC4E19620295074004049B9 /* Build configuration list for PBXNativeTarget "Estella" */;
			buildPhases = (
				3CC4E16820295073004049B9 /* Sources */,
				3CC4E16920295073004049B9 /* Frameworks */,
				3CC4E16A20295073004049B9 /* Resources */,
			);
			buildRules = (
			);
			dependencies = (
			);
			name = Estella;
			productName = Estella;
			productReference = 3CC4E16C20295074004049B9 /* Estella.app */;
			productType = "com.apple.product-type.application";
		};
		3CC4E18120295074004049B9 /* EstellaTests */ = {
			isa = PBXNativeTarget;
			buildConfigurationList = 3CC4E19920295074004049B9 /* Build configuration list for PBXNativeTarget "EstellaTests" */;
			buildPhases = (
				3CC4E17E20295074004049B9 /* Sources */,
				3CC4E17F20295074004049B9 /* Frameworks */,
				3CC4E18020295074004049B9 /* Resources */,
			);
			buildRules = (
			);
			dependencies = (
				3CC4E18420295074004049B9 /* PBXTargetDependency */,
			);
			name = EstellaTests;
			productName = EstellaTests;
			productReference = 3CC4E18220295074004049B9 /* EstellaTests.xctest */;
			productType = "com.apple.product-type.bundle.unit-test";
		};
		3CC4E18C20295074004049B9 /* EstellaUITests */ = {
			isa = PBXNativeTarget;
			buildConfigurationList = 3CC4E19C20295074004049B9 /* Build configuration list for PBXNativeTarget "EstellaUITests" */;
			buildPhases = (
				3CC4E18920295074004049B9 /* Sources */,
				3CC4E18A20295074004049B9 /* Frameworks */,
				3CC4E18B20295074004049B9 /* Resources */,
			);
			buildRules = (
			);
			dependencies = (
				3CC4E18F20295074004049B9 /* PBXTargetDependency */,
			);
			name = EstellaUITests;
			productName = EstellaUITests;
			productReference = 3CC4E18D20295074004049B9 /* EstellaUITests.xctest */;
			productType = "com.apple.product-type.bundle.ui-testing";
		};
/* End PBXNativeTarget section */

/* Begin PBXProject section */
		3CC4E16420295073004049B9 /* Project object */ = {
			isa = PBXProject;
			attributes = {
				LastSwiftUpdateCheck = 0920;
				LastUpgradeCheck = 0920;
				ORGANIZATIONNAME = NTU;
				TargetAttributes = {
					3CC4E16B20295073004049B9 = {
						CreatedOnToolsVersion = 9.2;
						ProvisioningStyle = Automatic;
					};
					3CC4E18120295074004049B9 = {
						CreatedOnToolsVersion = 9.2;
						ProvisioningStyle = Automatic;
						TestTargetID = 3CC4E16B20295073004049B9;
					};
					3CC4E18C20295074004049B9 = {
						CreatedOnToolsVersion = 9.2;
						ProvisioningStyle = Automatic;
						TestTargetID = 3CC4E16B20295073004049B9;
					};
				};
			};
			buildConfigurationList = 3CC4E16720295073004049B9 /* Build configuration list for PBXProject "Estella" */;
			compatibilityVersion = "Xcode 8.0";
			developmentRegion = en;
			hasScannedForEncodings = 0;
			knownRegions = (
				en,
				Base,
			);
			mainGroup = 3CC4E16320295073004049B9;
			productRefGroup = 3CC4E16D20295074004049B9 /* Products */;
			projectDirPath = "";
			projectRoot = "";
			targets = (
				3CC4E16B20295073004049B9 /* Estella */,
				3CC4E18120295074004049B9 /* EstellaTests */,
				3CC4E18C20295074004049B9 /* EstellaUITests */,
			);
		};
/* End PBXProject section */

/* Begin PBXResourcesBuildPhase section */
		3CC4E16A20295073004049B9 /* Resources */ = {
			isa = PBXResourcesBuildPhase;
			buildActionMask = 2147483647;
			files = (
				3CC4E17C20295074004049B9 /* LaunchScreen.storyboard in Resources */,
				3CED4228203E76C700F11C2B /* Assets.xcassets in Resources */,
				3CC4E17720295074004049B9 /* Main.storyboard in Resources */,
			);
			runOnlyForDeploymentPostprocessing = 0;
		};
		3CC4E18020295074004049B9 /* Resources */ = {
			isa = PBXResourcesBuildPhase;
			buildActionMask = 2147483647;
			files = (
			);
			runOnlyForDeploymentPostprocessing = 0;
		};
		3CC4E18B20295074004049B9 /* Resources */ = {
			isa = PBXResourcesBuildPhase;
			buildActionMask = 2147483647;
			files = (
			);
			runOnlyForDeploymentPostprocessing = 0;
		};
/* End PBXResourcesBuildPhase section */

/* Begin PBXSourcesBuildPhase section */
		3CC4E16820295073004049B9 /* Sources */ = {
			isa = PBXSourcesBuildPhase;
			buildActionMask = 2147483647;
			files = (
				3CC4E17420295074004049B9 /* SecondViewController.swift in Sources */,
				3CC4E1A020295833004049B9 /* ThirdViewController.swift in Sources */,
				3CC4E17020295074004049B9 /* AppDelegate.swift in Sources */,
				3CC4E17220295074004049B9 /* FirstViewController.swift in Sources */,
				3C9D49162045464D003E89B5 /* FourthViewController.swift in Sources */,
			);
			runOnlyForDeploymentPostprocessing = 0;
		};
		3CC4E17E20295074004049B9 /* Sources */ = {
			isa = PBXSourcesBuildPhase;
			buildActionMask = 2147483647;
			files = (
				3CC4E18720295074004049B9 /* EstellaTests.swift in Sources */,
			);
			runOnlyForDeploymentPostprocessing = 0;
		};
		3CC4E18920295074004049B9 /* Sources */ = {
			isa = PBXSourcesBuildPhase;
			buildActionMask = 2147483647;
			files = (
				3CC4E19220295074004049B9 /* EstellaUITests.swift in Sources */,
			);
			runOnlyForDeploymentPostprocessing = 0;
		};
/* End PBXSourcesBuildPhase section */

/* Begin PBXTargetDependency section */
		3CC4E18420295074004049B9 /* PBXTargetDependency */ = {
			isa = PBXTargetDependency;
			target = 3CC4E16B20295073004049B9 /* Estella */;
			targetProxy = 3CC4E18320295074004049B9 /* PBXContainerItemProxy */;
		};
		3CC4E18F20295074004049B9 /* PBXTargetDependency */ = {
			isa = PBXTargetDependency;
			target = 3CC4E16B20295073004049B9 /* Estella */;
			targetProxy = 3CC4E18E20295074004049B9 /* PBXContainerItemProxy */;
		};
/* End PBXTargetDependency section */

/* Begin PBXVariantGroup section */
		3CC4E17520295074004049B9 /* Main.storyboard */ = {
			isa = PBXVariantGroup;
			children = (
				3CC4E17620295074004049B9 /* Base */,
			);
			name = Main.storyboard;
			sourceTree = "<group>";
		};
		3CC4E17A20295074004049B9 /* LaunchScreen.storyboard */ = {
			isa = PBXVariantGroup;
			children = (
				3CC4E17B20295074004049B9 /* Base */,
			);
			name = LaunchScreen.storyboard;
			sourceTree = "<group>";
		};
/* End PBXVariantGroup section */

/* Begin XCBuildConfiguration section */
		3CC4E19420295074004049B9 /* Debug */ = {
			isa = XCBuildConfiguration;
			buildSettings = {
				ALWAYS_SEARCH_USER_PATHS = NO;
				CLANG_ANALYZER_NONNULL = YES;
				CLANG_ANALYZER_NUMBER_OBJECT_CONVERSION = YES_AGGRESSIVE;
				CLANG_CXX_LANGUAGE_STANDARD = "gnu++14";
				CLANG_CXX_LIBRARY = "libc++";
				CLANG_ENABLE_MODULES = YES;
				CLANG_ENABLE_OBJC_ARC = YES;
				CLANG_WARN_BLOCK_CAPTURE_AUTORELEASING = YES;
				CLANG_WARN_BOOL_CONVERSION = YES;
				CLANG_WARN_COMMA = YES;
				CLANG_WARN_CONSTANT_CONVERSION = YES;
				CLANG_WARN_DIRECT_OBJC_ISA_USAGE = YES_ERROR;
				CLANG_WARN_DOCUMENTATION_COMMENTS = YES;
				CLANG_WARN_EMPTY_BODY = YES;
				CLANG_WARN_ENUM_CONVERSION = YES;
				CLANG_WARN_INFINITE_RECURSION = YES;
				CLANG_WARN_INT_CONVERSION = YES;
				CLANG_WARN_NON_LITERAL_NULL_CONVERSION = YES;
				CLANG_WARN_OBJC_LITERAL_CONVERSION = YES;
				CLANG_WARN_OBJC_ROOT_CLASS = YES_ERROR;
				CLANG_WARN_RANGE_LOOP_ANALYSIS = YES;
				CLANG_WARN_STRICT_PROTOTYPES = YES;
				CLANG_WARN_SUSPICIOUS_MOVE = YES;
				CLANG_WARN_UNGUARDED_AVAILABILITY = YES_AGGRESSIVE;
				CLANG_WARN_UNREACHABLE_CODE = YES;
				CLANG_WARN__DUPLICATE_METHOD_MATCH = YES;
				CODE_SIGN_IDENTITY = "iPhone Developer";
				COPY_PHASE_STRIP = NO;
				DEBUG_INFORMATION_FORMAT = dwarf;
				ENABLE_STRICT_OBJC_MSGSEND = YES;
				ENABLE_TESTABILITY = YES;
				GCC_C_LANGUAGE_STANDARD = gnu11;
				GCC_DYNAMIC_NO_PIC = NO;
				GCC_NO_COMMON_BLOCKS = YES;
				GCC_OPTIMIZATION_LEVEL = 0;
				GCC_PREPROCESSOR_DEFINITIONS = (
					"DEBUG=1",
					"$(inherited)",
				);
				GCC_WARN_64_TO_32_BIT_CONVERSION = YES;
				GCC_WARN_ABOUT_RETURN_TYPE = YES_ERROR;
				GCC_WARN_UNDECLARED_SELECTOR = YES;
				GCC_WARN_UNINITIALIZED_AUTOS = YES_AGGRESSIVE;
				GCC_WARN_UNUSED_FUNCTION = YES;
				GCC_WARN_UNUSED_VARIABLE = YES;
				IPHONEOS_DEPLOYMENT_TARGET = 11.2;
				MTL_ENABLE_DEBUG_INFO = YES;
				ONLY_ACTIVE_ARCH = YES;
				SDKROOT = iphoneos;
				SWIFT_ACTIVE_COMPILATION_CONDITIONS = DEBUG;
				SWIFT_OPTIMIZATION_LEVEL = "-Onone";
			};
			name = Debug;
		};
		3CC4E19520295074004049B9 /* Release */ = {
			isa = XCBuildConfiguration;
			buildSettings = {
				ALWAYS_SEARCH_USER_PATHS = NO;
				CLANG_ANALYZER_NONNULL = YES;
				CLANG_ANALYZER_NUMBER_OBJECT_CONVERSION = YES_AGGRESSIVE;
				CLANG_CXX_LANGUAGE_STANDARD = "gnu++14";
				CLANG_CXX_LIBRARY = "libc++";
				CLANG_ENABLE_MODULES = YES;
				CLANG_ENABLE_OBJC_ARC = YES;
				CLANG_WARN_BLOCK_CAPTURE_AUTORELEASING = YES;
				CLANG_WARN_BOOL_CONVERSION = YES;
				CLANG_WARN_COMMA = YES;
				CLANG_WARN_CONSTANT_CONVERSION = YES;
				CLANG_WARN_DIRECT_OBJC_ISA_USAGE = YES_ERROR;
				CLANG_WARN_DOCUMENTATION_COMMENTS = YES;
				CLANG_WARN_EMPTY_BODY = YES;
				CLANG_WARN_ENUM_CONVERSION = YES;
				CLANG_WARN_INFINITE_RECURSION = YES;
				CLANG_WARN_INT_CONVERSION = YES;
				CLANG_WARN_NON_LITERAL_NULL_CONVERSION = YES;
				CLANG_WARN_OBJC_LITERAL_CONVERSION = YES;
				CLANG_WARN_OBJC_ROOT_CLASS = YES_ERROR;
				CLANG_WARN_RANGE_LOOP_ANALYSIS = YES;
				CLANG_WARN_STRICT_PROTOTYPES = YES;
				CLANG_WARN_SUSPICIOUS_MOVE = YES;
				CLANG_WARN_UNGUARDED_AVAILABILITY = YES_AGGRESSIVE;
				CLANG_WARN_UNREACHABLE_CODE = YES;
				CLANG_WARN__DUPLICATE_METHOD_MATCH = YES;
				CODE_SIGN_IDENTITY = "iPhone Developer";
				COPY_PHASE_STRIP = NO;
				DEBUG_INFORMATION_FORMAT = "dwarf-with-dsym";
				ENABLE_NS_ASSERTIONS = NO;
				ENABLE_STRICT_OBJC_MSGSEND = YES;
				GCC_C_LANGUAGE_STANDARD = gnu11;
				GCC_NO_COMMON_BLOCKS = YES;
				GCC_WARN_64_TO_32_BIT_CONVERSION = YES;
				GCC_WARN_ABOUT_RETURN_TYPE = YES_ERROR;
				GCC_WARN_UNDECLARED_SELECTOR = YES;
				GCC_WARN_UNINITIALIZED_AUTOS = YES_AGGRESSIVE;
				GCC_WARN_UNUSED_FUNCTION = YES;
				GCC_WARN_UNUSED_VARIABLE = YES;
				IPHONEOS_DEPLOYMENT_TARGET = 11.2;
				MTL_ENABLE_DEBUG_INFO = NO;
				SDKROOT = iphoneos;
				SWIFT_OPTIMIZATION_LEVEL = "-Owholemodule";
				VALIDATE_PRODUCT = YES;
			};
			name = Release;
		};
		3CC4E19720295074004049B9 /* Debug */ = {
			isa = XCBuildConfiguration;
			buildSettings = {
				ASSETCATALOG_COMPILER_APPICON_NAME = AppIcon;
				CODE_SIGN_STYLE = Automatic;
				DEVELOPMENT_TEAM = E863K32C4Y;
				INFOPLIST_FILE = Estella/Info.plist;
				LD_RUNPATH_SEARCH_PATHS = "$(inherited) @executable_path/Frameworks";
				PRODUCT_BUNDLE_IDENTIFIER = CZ3002.Estella;
				PRODUCT_NAME = "$(TARGET_NAME)";
				SWIFT_VERSION = 4.0;
				TARGETED_DEVICE_FAMILY = "1,2";
			};
			name = Debug;
		};
		3CC4E19820295074004049B9 /* Release */ = {
			isa = XCBuildConfiguration;
			buildSettings = {
				ASSETCATALOG_COMPILER_APPICON_NAME = AppIcon;
				CODE_SIGN_STYLE = Automatic;
				DEVELOPMENT_TEAM = E863K32C4Y;
				INFOPLIST_FILE = Estella/Info.plist;
				LD_RUNPATH_SEARCH_PATHS = "$(inherited) @executable_path/Frameworks";
				PRODUCT_BUNDLE_IDENTIFIER = CZ3002.Estella;
				PRODUCT_NAME = "$(TARGET_NAME)";
				SWIFT_VERSION = 4.0;
				TARGETED_DEVICE_FAMILY = "1,2";
			};
			name = Release;
		};
		3CC4E19A20295074004049B9 /* Debug */ = {
			isa = XCBuildConfiguration;
			buildSettings = {
				ALWAYS_EMBED_SWIFT_STANDARD_LIBRARIES = YES;
				BUNDLE_LOADER = "$(TEST_HOST)";
				CODE_SIGN_STYLE = Automatic;
				DEVELOPMENT_TEAM = E863K32C4Y;
				INFOPLIST_FILE = EstellaTests/Info.plist;
				LD_RUNPATH_SEARCH_PATHS = "$(inherited) @executable_path/Frameworks @loader_path/Frameworks";
				PRODUCT_BUNDLE_IDENTIFIER = CZ3002.EstellaTests;
				PRODUCT_NAME = "$(TARGET_NAME)";
				SWIFT_VERSION = 4.0;
				TARGETED_DEVICE_FAMILY = "1,2";
				TEST_HOST = "$(BUILT_PRODUCTS_DIR)/Estella.app/Estella";
			};
			name = Debug;
		};
		3CC4E19B20295074004049B9 /* Release */ = {
			isa = XCBuildConfiguration;
			buildSettings = {
				ALWAYS_EMBED_SWIFT_STANDARD_LIBRARIES = YES;
				BUNDLE_LOADER = "$(TEST_HOST)";
				CODE_SIGN_STYLE = Automatic;
				DEVELOPMENT_TEAM = E863K32C4Y;
				INFOPLIST_FILE = EstellaTests/Info.plist;
				LD_RUNPATH_SEARCH_PATHS = "$(inherited) @executable_path/Frameworks @loader_path/Frameworks";
				PRODUCT_BUNDLE_IDENTIFIER = CZ3002.EstellaTests;
				PRODUCT_NAME = "$(TARGET_NAME)";
				SWIFT_VERSION = 4.0;
				TARGETED_DEVICE_FAMILY = "1,2";
				TEST_HOST = "$(BUILT_PRODUCTS_DIR)/Estella.app/Estella";
			};
			name = Release;
		};
		3CC4E19D20295074004049B9 /* Debug */ = {
			isa = XCBuildConfiguration;
			buildSettings = {
				ALWAYS_EMBED_SWIFT_STANDARD_LIBRARIES = YES;
				CODE_SIGN_STYLE = Automatic;
				DEVELOPMENT_TEAM = E863K32C4Y;
				INFOPLIST_FILE = EstellaUITests/Info.plist;
				LD_RUNPATH_SEARCH_PATHS = "$(inherited) @executable_path/Frameworks @loader_path/Frameworks";
				PRODUCT_BUNDLE_IDENTIFIER = CZ3002.EstellaUITests;
				PRODUCT_NAME = "$(TARGET_NAME)";
				SWIFT_VERSION = 4.0;
				TARGETED_DEVICE_FAMILY = "1,2";
				TEST_TARGET_NAME = Estella;
			};
			name = Debug;
		};
		3CC4E19E20295074004049B9 /* Release */ = {
			isa = XCBuildConfiguration;
			buildSettings = {
				ALWAYS_EMBED_SWIFT_STANDARD_LIBRARIES = YES;
				CODE_SIGN_STYLE = Automatic;
				DEVELOPMENT_TEAM = E863K32C4Y;
				INFOPLIST_FILE = EstellaUITests/Info.plist;
				LD_RUNPATH_SEARCH_PATHS = "$(inherited) @executable_path/Frameworks @loader_path/Frameworks";
				PRODUCT_BUNDLE_IDENTIFIER = CZ3002.EstellaUITests;
				PRODUCT_NAME = "$(TARGET_NAME)";
				SWIFT_VERSION = 4.0;
				TARGETED_DEVICE_FAMILY = "1,2";
				TEST_TARGET_NAME = Estella;
			};
			name = Release;
		};
/* End XCBuildConfiguration section */

/* Begin XCConfigurationList section */
		3CC4E16720295073004049B9 /* Build configuration list for PBXProject "Estella" */ = {
			isa = XCConfigurationList;
			buildConfigurations = (
				3CC4E19420295074004049B9 /* Debug */,
				3CC4E19520295074004049B9 /* Release */,
			);
			defaultConfigurationIsVisible = 0;
			defaultConfigurationName = Release;
		};
		3CC4E19620295074004049B9 /* Build configuration list for PBXNativeTarget "Estella" */ = {
			isa = XCConfigurationList;
			buildConfigurations = (
				3CC4E19720295074004049B9 /* Debug */,
				3CC4E19820295074004049B9 /* Release */,
			);
			defaultConfigurationIsVisible = 0;
			defaultConfigurationName = Release;
		};
		3CC4E19920295074004049B9 /* Build configuration list for PBXNativeTarget "EstellaTests" */ = {
			isa = XCConfigurationList;
			buildConfigurations = (
				3CC4E19A20295074004049B9 /* Debug */,
				3CC4E19B20295074004049B9 /* Release */,
			);
			defaultConfigurationIsVisible = 0;
			defaultConfigurationName = Release;
		};
		3CC4E19C20295074004049B9 /* Build configuration list for PBXNativeTarget "EstellaUITests" */ = {
			isa = XCConfigurationList;
			buildConfigurations = (
				3CC4E19D20295074004049B9 /* Debug */,
				3CC4E19E20295074004049B9 /* Release */,
			);
			defaultConfigurationIsVisible = 0;
			defaultConfigurationName = Release;
		};
/* End XCConfigurationList section */
	};
	rootObject = 3CC4E16420295073004049B9 /* Project object */;
}
